lockfileVersion: '6.0'

settings:
  autoInstallPeers: true
  excludeLinksFromLockfile: false

dependencies:
  css:
    specifier: ^3.0.0
    version: registry.npmmirror.com/css@3.0.0
  images:
    specifier: ^3.2.3
    version: registry.npmmirror.com/images@3.2.3

packages:

  registry.npmmirror.com/atob@2.1.2:
    resolution: {integrity: sha512-Wm6ukoaOGJi/73p/cl2GvLjTI5JM1k/O14isD73YML8StrH/7/lRFgmg8nICZgD3bZZvjwCGxtMOD3wWNAu8cg==, registry: https://registry.npm.taobao.org/, tarball: https://registry.npmmirror.com/atob/-/atob-2.1.2.tgz}
    name: atob
    version: 2.1.2
    engines: {node: '>= 4.5.0'}
    hasBin: true
    dev: false

  registry.npmmirror.com/css@3.0.0:
    resolution: {integrity: sha512-DG9pFfwOrzc+hawpmqX/dHYHJG+Bsdb0klhyi1sDneOgGOXy9wQIC8hzyVp1e4NRYDBdxcylvywPkkXCHAzTyQ==, registry: https://registry.npm.taobao.org/, tarball: https://registry.npmmirror.com/css/-/css-3.0.0.tgz}
    name: css
    version: 3.0.0
    dependencies:
      inherits: registry.npmmirror.com/inherits@2.0.4
      source-map: registry.npmmirror.com/source-map@0.6.1
      source-map-resolve: registry.npmmirror.com/source-map-resolve@0.6.0
    dev: false

  registry.npmmirror.com/decode-uri-component@0.2.2:
    resolution: {integrity: sha512-FqUYQ+8o158GyGTrMFJms9qh3CqTKvAqgqsTnkLI8sKu0028orqBhxNMFkFen0zGyg6epACD32pjVk58ngIErQ==, registry: https://registry.npm.taobao.org/, tarball: https://registry.npmmirror.com/decode-uri-component/-/decode-uri-component-0.2.2.tgz}
    name: decode-uri-component
    version: 0.2.2
    engines: {node: '>=0.10'}
    dev: false

  registry.npmmirror.com/images@3.2.3:
    resolution: {integrity: sha512-Ga7WPuo1krAdgE+pH641Q2NeAetJsNoU4wjC9DKGpSptWJ/Ljle6m2oA0XdO2c5ujy1Ups8UoH28ejR74m/vqQ==, registry: https://registry.npm.taobao.org/, tarball: https://registry.npmmirror.com/images/-/images-3.2.3.tgz}
    name: images
    version: 3.2.3
    requiresBuild: true
    dev: false

  registry.npmmirror.com/inherits@2.0.4:
    resolution: {integrity: sha512-k/vGaX4/Yla3WzyMCvTQOXYeIHvqOKtnqBduzTHpzpQZzAskKMhZ2K+EnBiSM9zGSoIFeMpXKxa4dYeZIQqewQ==, registry: https://registry.npm.taobao.org/, tarball: https://registry.npmmirror.com/inherits/-/inherits-2.0.4.tgz}
    name: inherits
    version: 2.0.4
    dev: false

  registry.npmmirror.com/source-map-resolve@0.6.0:
    resolution: {integrity: sha512-KXBr9d/fO/bWo97NXsPIAW1bFSBOuCnjbNTBMO7N59hsv5i9yzRDfcYwwt0l04+VqnKC+EwzvJZIP/qkuMgR/w==, registry: https://registry.npm.taobao.org/, tarball: https://registry.npmmirror.com/source-map-resolve/-/source-map-resolve-0.6.0.tgz}
    name: source-map-resolve
    version: 0.6.0
    deprecated: See https://github.com/lydell/source-map-resolve#deprecated
    dependencies:
      atob: registry.npmmirror.com/atob@2.1.2
      decode-uri-component: registry.npmmirror.com/decode-uri-component@0.2.2
    dev: false

  registry.npmmirror.com/source-map@0.6.1:
    resolution: {integrity: sha512-UjgapumWlbMhkBgzT7Ykc5YXUT46F0iKu8SGXq0bcwP5dz/h0Plj6enJqjz1Zbq2l5WaqYnrVbwWOWMyF3F47g==, registry: https://registry.npm.taobao.org/, tarball: https://registry.npmmirror.com/source-map/-/source-map-0.6.1.tgz}
    name: source-map
    version: 0.6.1
    engines: {node: '>=0.10.0'}
    dev: false
